
Microsoft Visual Studio Solution File, Format Version 12.00
# Visual Studio Version 17
VisualStudioVersion = 17.2.32602.215
MinimumVisualStudioVersion = 10.0.40219.1
Project("{FAE04EC0-301F-11D3-BF4B-00C04F79EFBC}") = "MediRem.Android", "MediRem.Android\MediRem.Android.csproj", "{E9891622-C4D7-438D-8CFE-F0093EF3D714}"
EndProject
Project("{FAE04EC0-301F-11D3-BF4B-00C04F79EFBC}") = "MediRem.iOS", "MediRem.iOS\MediRem.iOS.csproj", "{DDD00BAD-56E8-407A-AC78-CC910E47EEFD}"
EndProject
Project("{9A19103F-16F7-4668-BE54-9A1E7A4F7556}") = "MediRem", "MediRem\MediRem.csproj", "{FFCE4375-DB5F-47B0-B054-4484A2CF60B9}"
EndProject
Project("{FAE04EC0-301F-11D3-BF4B-00C04F79EFBC}") = "MediRem.Model", "MediRem.Model\MediRem.Model.csproj", "{572D065C-5DE3-419B-B698-4D38F6627E09}"
EndProject
Global
	GlobalSection(SolutionConfigurationPlatforms) = preSolution
		Debug|Any CPU = Debug|Any CPU
		Debug|iPhone = Debug|iPhone
		Debug|iPhoneSimulator = Debug|iPhoneSimulator
		Release|Any CPU = Release|Any CPU
		Release|iPhone = Release|iPhone
		Release|iPhoneSimulator = Release|iPhoneSimulator
	EndGlobalSection
	GlobalSection(ProjectConfigurationPlatforms) = postSolution
		{E9891622-C4D7-438D-8CFE-F0093EF3D714}.Debug|Any CPU.ActiveCfg = Debug|Any CPU
		{E9891622-C4D7-438D-8CFE-F0093EF3D714}.Debug|Any CPU.Build.0 = Debug|Any CPU
		{E9891622-C4D7-438D-8CFE-F0093EF3D714}.Debug|Any CPU.Deploy.0 = Debug|Any CPU
		{E9891622-C4D7-438D-8CFE-F0093EF3D714}.Debug|iPhone.ActiveCfg = Debug|Any CPU
		{E9891622-C4D7-438D-8CFE-F0093EF3D714}.Debug|iPhone.Build.0 = Debug|Any CPU
		{E9891622-C4D7-438D-8CFE-F0093EF3D714}.Debug|iPhone.Deploy.0 = Debug|Any CPU
		{E9891622-C4D7-438D-8CFE-F0093EF3D714}.Debug|iPhoneSimulator.ActiveCfg = Debug|Any CPU
		{E9891622-C4D7-438D-8CFE-F0093EF3D714}.Debug|iPhoneSimulator.Build.0 = Debug|Any CPU
		{E9891622-C4D7-438D-8CFE-F0093EF3D714}.Debug|iPhoneSimulator.Deploy.0 = Debug|Any CPU
		{E9891622-C4D7-438D-8CFE-F0093EF3D714}.Release|Any CPU.ActiveCfg = Release|Any CPU
		{E9891622-C4D7-438D-8CFE-F0093EF3D714}.Release|Any CPU.Build.0 = Release|Any CPU
		{E9891622-C4D7-438D-8CFE-F0093EF3D714}.Release|Any CPU.Deploy.0 = Release|Any CPU
		{E9891622-C4D7-438D-8CFE-F0093EF3D714}.Release|iPhone.ActiveCfg = Release|Any CPU
		{E9891622-C4D7-438D-8CFE-F0093EF3D714}.Release|iPhone.Build.0 = Release|Any CPU
		{E9891622-C4D7-438D-8CFE-F0093EF3D714}.Release|iPhone.Deploy.0 = Release|Any CPU
		{E9891622-C4D7-438D-8CFE-F0093EF3D714}.Release|iPhoneSimulator.ActiveCfg = Release|Any CPU
		{E9891622-C4D7-438D-8CFE-F0093EF3D714}.Release|iPhoneSimulator.Build.0 = Release|Any CPU
		{E9891622-C4D7-438D-8CFE-F0093EF3D714}.Release|iPhoneSimulator.Deploy.0 = Release|Any CPU
		{DDD00BAD-56E8-407A-AC78-CC910E47EEFD}.Debug|Any CPU.ActiveCfg = Debug|iPhone
		{DDD00BAD-56E8-407A-AC78-CC910E47EEFD}.Debug|Any CPU.Build.0 = Debug|iPhone
		{DDD00BAD-56E8-407A-AC78-CC910E47EEFD}.Debug|Any CPU.Deploy.0 = Debug|iPhone
		{DDD00BAD-56E8-407A-AC78-CC910E47EEFD}.Debug|iPhone.ActiveCfg = Debug|iPhone
		{DDD00BAD-56E8-407A-AC78-CC910E47EEFD}.Debug|iPhone.Build.0 = Debug|iPhone
		{DDD00BAD-56E8-407A-AC78-CC910E47EEFD}.Debug|iPhone.Deploy.0 = Debug|iPhone
		{DDD00BAD-56E8-407A-AC78-CC910E47EEFD}.Debug|iPhoneSimulator.ActiveCfg = Debug|iPhoneSimulator
		{DDD00BAD-56E8-407A-AC78-CC910E47EEFD}.Debug|iPhoneSimulator.Build.0 = Debug|iPhoneSimulator
		{DDD00BAD-56E8-407A-AC78-CC910E47EEFD}.Debug|iPhoneSimulator.Deploy.0 = Debug|iPhoneSimulator
		{DDD00BAD-56E8-407A-AC78-CC910E47EEFD}.Release|Any CPU.ActiveCfg = Release|iPhoneSimulator
		{DDD00BAD-56E8-407A-AC78-CC910E47EEFD}.Release|Any CPU.Build.0 = Release|iPhoneSimulator
		{DDD00BAD-56E8-407A-AC78-CC910E47EEFD}.Release|Any CPU.Deploy.0 = Release|iPhoneSimulator
		{DDD00BAD-56E8-407A-AC78-CC910E47EEFD}.Release|iPhone.ActiveCfg = Release|iPhone
		{DDD00BAD-56E8-407A-AC78-CC910E47EEFD}.Release|iPhone.Build.0 = Release|iPhone
		{DDD00BAD-56E8-407A-AC78-CC910E47EEFD}.Release|iPhone.Deploy.0 = Release|iPhone
		{DDD00BAD-56E8-407A-AC78-CC910E47EEFD}.Release|iPhoneSimulator.ActiveCfg = Release|iPhoneSimulator
		{DDD00BAD-56E8-407A-AC78-CC910E47EEFD}.Release|iPhoneSimulator.Build.0 = Release|iPhoneSimulator
		{DDD00BAD-56E8-407A-AC78-CC910E47EEFD}.Release|iPhoneSimulator.Deploy.0 = Release|iPhoneSimulator
		{FFCE4375-DB5F-47B0-B054-4484A2CF60B9}.Debug|Any CPU.ActiveCfg = Debug|Any CPU
		{FFCE4375-DB5F-47B0-B054-4484A2CF60B9}.Debug|Any CPU.Build.0 = Debug|Any CPU
		{FFCE4375-DB5F-47B0-B054-4484A2CF60B9}.Debug|Any CPU.Deploy.0 = Debug|Any CPU
		{FFCE4375-DB5F-47B0-B054-4484A2CF60B9}.Debug|iPhone.ActiveCfg = Debug|Any CPU
		{FFCE4375-DB5F-47B0-B054-4484A2CF60B9}.Debug|iPhone.Build.0 = Debug|Any CPU
		{FFCE4375-DB5F-47B0-B054-4484A2CF60B9}.Debug|iPhone.Deploy.0 = Debug|Any CPU
		{FFCE4375-DB5F-47B0-B054-4484A2CF60B9}.Debug|iPhoneSimulator.ActiveCfg = Debug|Any CPU
		{FFCE4375-DB5F-47B0-B054-4484A2CF60B9}.Debug|iPhoneSimulator.Build.0 = Debug|Any CPU
		{FFCE4375-DB5F-47B0-B054-4484A2CF60B9}.Debug|iPhoneSimulator.Deploy.0 = Debug|Any CPU
		{FFCE4375-DB5F-47B0-B054-4484A2CF60B9}.Release|Any CPU.ActiveCfg = Release|Any CPU
		{FFCE4375-DB5F-47B0-B054-4484A2CF60B9}.Release|Any CPU.Build.0 = Release|Any CPU
		{FFCE4375-DB5F-47B0-B054-4484A2CF60B9}.Release|Any CPU.Deploy.0 = Release|Any CPU
		{FFCE4375-DB5F-47B0-B054-4484A2CF60B9}.Release|iPhone.ActiveCfg = Release|Any CPU
		{FFCE4375-DB5F-47B0-B054-4484A2CF60B9}.Release|iPhone.Build.0 = Release|Any CPU
		{FFCE4375-DB5F-47B0-B054-4484A2CF60B9}.Release|iPhone.Deploy.0 = Release|Any CPU
		{FFCE4375-DB5F-47B0-B054-4484A2CF60B9}.Release|iPhoneSimulator.ActiveCfg = Release|Any CPU
		{FFCE4375-DB5F-47B0-B054-4484A2CF60B9}.Release|iPhoneSimulator.Build.0 = Release|Any CPU
		{FFCE4375-DB5F-47B0-B054-4484A2CF60B9}.Release|iPhoneSimulator.Deploy.0 = Release|Any CPU
		{572D065C-5DE3-419B-B698-4D38F6627E09}.Debug|Any CPU.ActiveCfg = Debug|Any CPU
		{572D065C-5DE3-419B-B698-4D38F6627E09}.Debug|Any CPU.Build.0 = Debug|Any CPU
		{572D065C-5DE3-419B-B698-4D38F6627E09}.Debug|iPhone.ActiveCfg = Debug|Any CPU
		{572D065C-5DE3-419B-B698-4D38F6627E09}.Debug|iPhone.Build.0 = Debug|Any CPU
		{572D065C-5DE3-419B-B698-4D38F6627E09}.Debug|iPhoneSimulator.ActiveCfg = Debug|Any CPU
		{572D065C-5DE3-419B-B698-4D38F6627E09}.Debug|iPhoneSimulator.Build.0 = Debug|Any CPU
		{572D065C-5DE3-419B-B698-4D38F6627E09}.Release|Any CPU.ActiveCfg = Release|Any CPU
		{572D065C-5DE3-419B-B698-4D38F6627E09}.Release|Any CPU.Build.0 = Release|Any CPU
		{572D065C-5DE3-419B-B698-4D38F6627E09}.Release|iPhone.ActiveCfg = Release|Any CPU
		{572D065C-5DE3-419B-B698-4D38F6627E09}.Release|iPhone.Build.0 = Release|Any CPU
		{572D065C-5DE3-419B-B698-4D38F6627E09}.Release|iPhoneSimulator.ActiveCfg = Release|Any CPU
		{572D065C-5DE3-419B-B698-4D38F6627E09}.Release|iPhoneSimulator.Build.0 = Release|Any CPU
	EndGlobalSection
	GlobalSection(SolutionProperties) = preSolution
		HideSolutionNode = FALSE
	EndGlobalSection
	GlobalSection(ExtensibilityGlobals) = postSolution
		SolutionGuid = {0839663D-873E-4072-BB9F-9CFF1BBA5F08}
	EndGlobalSection
EndGlobal
